
Microsoft Visual Studio Solution File, Format Version 12.00
# Visual Studio 14
VisualStudioVersion = 14.0.24720.0
MinimumVisualStudioVersion = 10.0.40219.1
Project("{FAE04EC0-301F-11D3-BF4B-00C04F79EFBC}") = "vMap.Voronoi", "vMap.Voronoi\vMap.Voronoi.csproj", "{4E7ABE7A-4F99-455E-AA43-2225FFCA0D05}"
EndProject
Project("{FAE04EC0-301F-11D3-BF4B-00C04F79EFBC}") = "vMap.MonoGame", "vMap.MonoGame\vMap.MonoGame.csproj", "{D3E124EB-611A-4860-BB76-247D433532F5}"
EndProject
Project("{FAE04EC0-301F-11D3-BF4B-00C04F79EFBC}") = "vMap.WindowsForms", "vMap.WindowsForms\vMap.WindowsForms.csproj", "{446BB567-2A48-470C-BE43-80847CF72EC6}"
EndProject
Project("{FAE04EC0-301F-11D3-BF4B-00C04F79EFBC}") = "vMap", "vMap\vMap\vMap.csproj", "{1CCCE2B8-C74F-4ABE-AD5F-3776457CD9F3}"
EndProject
Project("{FAE04EC0-301F-11D3-BF4B-00C04F79EFBC}") = "vMapContent", "vMap\vMapContent\vMapContent.contentproj", "{330478B6-3E1C-4B73-9C22-714E6E86C8E5}"
EndProject
Project("{FAE04EC0-301F-11D3-BF4B-00C04F79EFBC}") = "vMap.ControlPanel", "vMap.ControlPanel\vMap.ControlPanel.csproj", "{4489E80B-4413-4475-895C-738B06FEC5B2}"
EndProject
Global
	GlobalSection(SolutionConfigurationPlatforms) = preSolution
		Debug|Any CPU = Debug|Any CPU
		Debug|x86 = Debug|x86
		Release|Any CPU = Release|Any CPU
		Release|x86 = Release|x86
	EndGlobalSection
	GlobalSection(ProjectConfigurationPlatforms) = postSolution
		{4E7ABE7A-4F99-455E-AA43-2225FFCA0D05}.Debug|Any CPU.ActiveCfg = Debug|Any CPU
		{4E7ABE7A-4F99-455E-AA43-2225FFCA0D05}.Debug|Any CPU.Build.0 = Debug|Any CPU
		{4E7ABE7A-4F99-455E-AA43-2225FFCA0D05}.Debug|x86.ActiveCfg = Debug|Any CPU
		{4E7ABE7A-4F99-455E-AA43-2225FFCA0D05}.Debug|x86.Build.0 = Debug|Any CPU
		{4E7ABE7A-4F99-455E-AA43-2225FFCA0D05}.Release|Any CPU.ActiveCfg = Release|Any CPU
		{4E7ABE7A-4F99-455E-AA43-2225FFCA0D05}.Release|Any CPU.Build.0 = Release|Any CPU
		{4E7ABE7A-4F99-455E-AA43-2225FFCA0D05}.Release|x86.ActiveCfg = Release|Any CPU
		{4E7ABE7A-4F99-455E-AA43-2225FFCA0D05}.Release|x86.Build.0 = Release|Any CPU
		{D3E124EB-611A-4860-BB76-247D433532F5}.Debug|Any CPU.ActiveCfg = Debug|x86
		{D3E124EB-611A-4860-BB76-247D433532F5}.Debug|Any CPU.Build.0 = Debug|x86
		{D3E124EB-611A-4860-BB76-247D433532F5}.Debug|x86.ActiveCfg = Debug|x86
		{D3E124EB-611A-4860-BB76-247D433532F5}.Debug|x86.Build.0 = Debug|x86
		{D3E124EB-611A-4860-BB76-247D433532F5}.Release|Any CPU.ActiveCfg = Release|x86
		{D3E124EB-611A-4860-BB76-247D433532F5}.Release|x86.ActiveCfg = Release|x86
		{D3E124EB-611A-4860-BB76-247D433532F5}.Release|x86.Build.0 = Release|x86
		{446BB567-2A48-470C-BE43-80847CF72EC6}.Debug|Any CPU.ActiveCfg = Debug|Any CPU
		{446BB567-2A48-470C-BE43-80847CF72EC6}.Debug|Any CPU.Build.0 = Debug|Any CPU
		{446BB567-2A48-470C-BE43-80847CF72EC6}.Debug|x86.ActiveCfg = Debug|Any CPU
		{446BB567-2A48-470C-BE43-80847CF72EC6}.Debug|x86.Build.0 = Debug|Any CPU
		{446BB567-2A48-470C-BE43-80847CF72EC6}.Release|Any CPU.ActiveCfg = Release|Any CPU
		{446BB567-2A48-470C-BE43-80847CF72EC6}.Release|Any CPU.Build.0 = Release|Any CPU
		{446BB567-2A48-470C-BE43-80847CF72EC6}.Release|x86.ActiveCfg = Release|Any CPU
		{446BB567-2A48-470C-BE43-80847CF72EC6}.Release|x86.Build.0 = Release|Any CPU
		{1CCCE2B8-C74F-4ABE-AD5F-3776457CD9F3}.Debug|Any CPU.ActiveCfg = Debug|x86
		{1CCCE2B8-C74F-4ABE-AD5F-3776457CD9F3}.Debug|x86.ActiveCfg = Debug|x86
		{1CCCE2B8-C74F-4ABE-AD5F-3776457CD9F3}.Debug|x86.Build.0 = Debug|x86
		{1CCCE2B8-C74F-4ABE-AD5F-3776457CD9F3}.Release|Any CPU.ActiveCfg = Release|x86
		{1CCCE2B8-C74F-4ABE-AD5F-3776457CD9F3}.Release|x86.ActiveCfg = Release|x86
		{1CCCE2B8-C74F-4ABE-AD5F-3776457CD9F3}.Release|x86.Build.0 = Release|x86
		{330478B6-3E1C-4B73-9C22-714E6E86C8E5}.Debug|Any CPU.ActiveCfg = Debug|x86
		{330478B6-3E1C-4B73-9C22-714E6E86C8E5}.Debug|x86.ActiveCfg = Debug|x86
		{330478B6-3E1C-4B73-9C22-714E6E86C8E5}.Release|Any CPU.ActiveCfg = Release|x86
		{330478B6-3E1C-4B73-9C22-714E6E86C8E5}.Release|x86.ActiveCfg = Release|x86
		{4489E80B-4413-4475-895C-738B06FEC5B2}.Debug|Any CPU.ActiveCfg = Debug|Any CPU
		{4489E80B-4413-4475-895C-738B06FEC5B2}.Debug|Any CPU.Build.0 = Debug|Any CPU
		{4489E80B-4413-4475-895C-738B06FEC5B2}.Debug|x86.ActiveCfg = Debug|Any CPU
		{4489E80B-4413-4475-895C-738B06FEC5B2}.Debug|x86.Build.0 = Debug|Any CPU
		{4489E80B-4413-4475-895C-738B06FEC5B2}.Release|Any CPU.ActiveCfg = Release|Any CPU
		{4489E80B-4413-4475-895C-738B06FEC5B2}.Release|Any CPU.Build.0 = Release|Any CPU
		{4489E80B-4413-4475-895C-738B06FEC5B2}.Release|x86.ActiveCfg = Release|Any CPU
		{4489E80B-4413-4475-895C-738B06FEC5B2}.Release|x86.Build.0 = Release|Any CPU
	EndGlobalSection
	GlobalSection(SolutionProperties) = preSolution
		HideSolutionNode = FALSE
	EndGlobalSection
EndGlobal
